// !$*UTF8*$!
{
	archiveVersion = 1;
	classes = {
	};
	objectVersion = 55;
	objects = {

/* Begin PBXBuildFile section */
		0F3F7A4F284E4B1800193679 /* TTRegisterView.m in Sources */ = {isa = PBXBuildFile; fileRef = 0F3F7A4E284E4B1800193679 /* TTRegisterView.m */; };
		0F3F7A52284E4D2300193679 /* TTLoginView.m in Sources */ = {isa = PBXBuildFile; fileRef = 0F3F7A51284E4D2300193679 /* TTLoginView.m */; };
		0F3F7A55284E4D3100193679 /* TTLoginController.m in Sources */ = {isa = PBXBuildFile; fileRef = 0F3F7A54284E4D3100193679 /* TTLoginController.m */; };
		0F4BB521284D27FB006FCC37 /* TTRegisterController.m in Sources */ = {isa = PBXBuildFile; fileRef = 0F4BB520284D27FB006FCC37 /* TTRegisterController.m */; };
		0F93887B284D8850005E49AA /* TTInputField.m in Sources */ = {isa = PBXBuildFile; fileRef = 0F93887A284D8850005E49AA /* TTInputField.m */; };
		0F93887E284D95E7005E49AA /* UIView+Border.m in Sources */ = {isa = PBXBuildFile; fileRef = 0F93887D284D95E7005E49AA /* UIView+Border.m */; };
		0FDCF02B284D0439007639DB /* AppDelegate.m in Sources */ = {isa = PBXBuildFile; fileRef = 0FDCF02A284D0439007639DB /* AppDelegate.m */; };
		0FDCF031284D0439007639DB /* ViewController.m in Sources */ = {isa = PBXBuildFile; fileRef = 0FDCF030284D0439007639DB /* ViewController.m */; };
		0FDCF034284D0439007639DB /* Main.storyboard in Resources */ = {isa = PBXBuildFile; fileRef = 0FDCF032284D0439007639DB /* Main.storyboard */; };
		0FDCF036284D043A007639DB /* Assets.xcassets in Resources */ = {isa = PBXBuildFile; fileRef = 0FDCF035284D043A007639DB /* Assets.xcassets */; };
		0FDCF039284D043A007639DB /* LaunchScreen.storyboard in Resources */ = {isa = PBXBuildFile; fileRef = 0FDCF037284D043A007639DB /* LaunchScreen.storyboard */; };
		0FDCF03C284D043A007639DB /* main.m in Sources */ = {isa = PBXBuildFile; fileRef = 0FDCF03B284D043A007639DB /* main.m */; };
		0FE3B491284FA36F00E14D38 /* TTPagerViewController.m in Sources */ = {isa = PBXBuildFile; fileRef = 0FE3B490284FA36F00E14D38 /* TTPagerViewController.m */; };
		0FE9B572285066100005C572 /* TTSliderNavView.m in Sources */ = {isa = PBXBuildFile; fileRef = 0FE9B571285066100005C572 /* TTSliderNavView.m */; };
		5EE7CA05D3F57B87CD97D3A9 /* Pods_NoSceneTemp.framework in Frameworks */ = {isa = PBXBuildFile; fileRef = B4356EE3231694B4606C52B4 /* Pods_NoSceneTemp.framework */; };
/* End PBXBuildFile section */

/* Begin PBXFileReference section */
		0F3F7A4D284E4B1800193679 /* TTRegisterView.h */ = {isa = PBXFileReference; lastKnownFileType = sourcecode.c.h; path = TTRegisterView.h; sourceTree = "<group>"; };
		0F3F7A4E284E4B1800193679 /* TTRegisterView.m */ = {isa = PBXFileReference; lastKnownFileType = sourcecode.c.objc; path = TTRegisterView.m; sourceTree = "<group>"; };
		0F3F7A50284E4D2300193679 /* TTLoginView.h */ = {isa = PBXFileReference; lastKnownFileType = sourcecode.c.h; path = TTLoginView.h; sourceTree = "<group>"; };
		0F3F7A51284E4D2300193679 /* TTLoginView.m */ = {isa = PBXFileReference; lastKnownFileType = sourcecode.c.objc; path = TTLoginView.m; sourceTree = "<group>"; };
		0F3F7A53284E4D3100193679 /* TTLoginController.h */ = {isa = PBXFileReference; lastKnownFileType = sourcecode.c.h; path = TTLoginController.h; sourceTree = "<group>"; };
		0F3F7A54284E4D3100193679 /* TTLoginController.m */ = {isa = PBXFileReference; lastKnownFileType = sourcecode.c.objc; path = TTLoginController.m; sourceTree = "<group>"; };
		0F4BB51F284D27FB006FCC37 /* TTRegisterController.h */ = {isa = PBXFileReference; lastKnownFileType = sourcecode.c.h; path = TTRegisterController.h; sourceTree = "<group>"; };
		0F4BB520284D27FB006FCC37 /* TTRegisterController.m */ = {isa = PBXFileReference; lastKnownFileType = sourcecode.c.objc; path = TTRegisterController.m; sourceTree = "<group>"; };
		0F938879284D8850005E49AA /* TTInputField.h */ = {isa = PBXFileReference; lastKnownFileType = sourcecode.c.h; path = TTInputField.h; sourceTree = "<group>"; };
		0F93887A284D8850005E49AA /* TTInputField.m */ = {isa = PBXFileReference; lastKnownFileType = sourcecode.c.objc; path = TTInputField.m; sourceTree = "<group>"; };
		0F93887C284D95E7005E49AA /* UIView+Border.h */ = {isa = PBXFileReference; lastKnownFileType = sourcecode.c.h; path = "UIView+Border.h"; sourceTree = "<group>"; };
		0F93887D284D95E7005E49AA /* UIView+Border.m */ = {isa = PBXFileReference; lastKnownFileType = sourcecode.c.objc; path = "UIView+Border.m"; sourceTree = "<group>"; };
		0FDCF026284D0439007639DB /* NoSceneTemp.app */ = {isa = PBXFileReference; explicitFileType = wrapper.application; includeInIndex = 0; path = NoSceneTemp.app; sourceTree = BUILT_PRODUCTS_DIR; };
		0FDCF029284D0439007639DB /* AppDelegate.h */ = {isa = PBXFileReference; lastKnownFileType = sourcecode.c.h; path = AppDelegate.h; sourceTree = "<group>"; };
		0FDCF02A284D0439007639DB /* AppDelegate.m */ = {isa = PBXFileReference; lastKnownFileType = sourcecode.c.objc; path = AppDelegate.m; sourceTree = "<group>"; };
		0FDCF02F284D0439007639DB /* ViewController.h */ = {isa = PBXFileReference; lastKnownFileType = sourcecode.c.h; path = ViewController.h; sourceTree = "<group>"; };
		0FDCF030284D0439007639DB /* ViewController.m */ = {isa = PBXFileReference; lastKnownFileType = sourcecode.c.objc; path = ViewController.m; sourceTree = "<group>"; };
		0FDCF033284D0439007639DB /* Base */ = {isa = PBXFileReference; lastKnownFileType = file.storyboard; name = Base; path = Base.lproj/Main.storyboard; sourceTree = "<group>"; };
		0FDCF035284D043A007639DB /* Assets.xcassets */ = {isa = PBXFileReference; lastKnownFileType = folder.assetcatalog; path = Assets.xcassets; sourceTree = "<group>"; };
		0FDCF038284D043A007639DB /* Base */ = {isa = PBXFileReference; lastKnownFileType = file.storyboard; name = Base; path = Base.lproj/LaunchScreen.storyboard; sourceTree = "<group>"; };
		0FDCF03A284D043A007639DB /* Info.plist */ = {isa = PBXFileReference; lastKnownFileType = text.plist.xml; path = Info.plist; sourceTree = "<group>"; };
		0FDCF03B284D043A007639DB /* main.m */ = {isa = PBXFileReference; lastKnownFileType = sourcecode.c.objc; path = main.m; sourceTree = "<group>"; };
		0FE3B48F284FA36F00E14D38 /* TTPagerViewController.h */ = {isa = PBXFileReference; lastKnownFileType = sourcecode.c.h; path = TTPagerViewController.h; sourceTree = "<group>"; };
		0FE3B490284FA36F00E14D38 /* TTPagerViewController.m */ = {isa = PBXFileReference; lastKnownFileType = sourcecode.c.objc; path = TTPagerViewController.m; sourceTree = "<group>"; };
		0FE9B570285066100005C572 /* TTSliderNavView.h */ = {isa = PBXFileReference; lastKnownFileType = sourcecode.c.h; path = TTSliderNavView.h; sourceTree = "<group>"; };
		0FE9B571285066100005C572 /* TTSliderNavView.m */ = {isa = PBXFileReference; lastKnownFileType = sourcecode.c.objc; path = TTSliderNavView.m; sourceTree = "<group>"; };
		966A10369F79DC25CF36ED93 /* Pods-NoSceneTemp.debug.xcconfig */ = {isa = PBXFileReference; includeInIndex = 1; lastKnownFileType = text.xcconfig; name = "Pods-NoSceneTemp.debug.xcconfig"; path = "Target Support Files/Pods-NoSceneTemp/Pods-NoSceneTemp.debug.xcconfig"; sourceTree = "<group>"; };
		B4356EE3231694B4606C52B4 /* Pods_NoSceneTemp.framework */ = {isa = PBXFileReference; explicitFileType = wrapper.framework; includeInIndex = 0; path = Pods_NoSceneTemp.framework; sourceTree = BUILT_PRODUCTS_DIR; };
		DAE8A3335F4CA6D3B87D7AC1 /* Pods-NoSceneTemp.release.xcconfig */ = {isa = PBXFileReference; includeInIndex = 1; lastKnownFileType = text.xcconfig; name = "Pods-NoSceneTemp.release.xcconfig"; path = "Target Support Files/Pods-NoSceneTemp/Pods-NoSceneTemp.release.xcconfig"; sourceTree = "<group>"; };
/* End PBXFileReference section */

/* Begin PBXFrameworksBuildPhase section */
		0FDCF023284D0439007639DB /* Frameworks */ = {
			isa = PBXFrameworksBuildPhase;
			buildActionMask = 2147483647;
			files = (
				5EE7CA05D3F57B87CD97D3A9 /* Pods_NoSceneTemp.framework in Frameworks */,
			);
			runOnlyForDeploymentPostprocessing = 0;
		};
/* End PBXFrameworksBuildPhase section */

/* Begin PBXGroup section */
		0F779B73284D07E500076316 /* Login */ = {
			isa = PBXGroup;
			children = (
				0F4BB51F284D27FB006FCC37 /* TTRegisterController.h */,
				0F4BB520284D27FB006FCC37 /* TTRegisterController.m */,
				0F938879284D8850005E49AA /* TTInputField.h */,
				0F93887A284D8850005E49AA /* TTInputField.m */,
				0F93887C284D95E7005E49AA /* UIView+Border.h */,
				0F93887D284D95E7005E49AA /* UIView+Border.m */,
				0F3F7A4D284E4B1800193679 /* TTRegisterView.h */,
				0F3F7A4E284E4B1800193679 /* TTRegisterView.m */,
				0F3F7A50284E4D2300193679 /* TTLoginView.h */,
				0F3F7A51284E4D2300193679 /* TTLoginView.m */,
				0F3F7A53284E4D3100193679 /* TTLoginController.h */,
				0F3F7A54284E4D3100193679 /* TTLoginController.m */,
			);
			path = Login;
			sourceTree = "<group>";
		};
		0FDCF01D284D0439007639DB = {
			isa = PBXGroup;
			children = (
				0FDCF028284D0439007639DB /* NoSceneTemp */,
				0FDCF027284D0439007639DB /* Products */,
				C5A6750CFFF588AE6A1645FD /* Pods */,
				85BDC553F866933717285B63 /* Frameworks */,
			);
			sourceTree = "<group>";
		};
		0FDCF027284D0439007639DB /* Products */ = {
			isa = PBXGroup;
			children = (
				0FDCF026284D0439007639DB /* NoSceneTemp.app */,
			);
			name = Products;
			sourceTree = "<group>";
		};
		0FDCF028284D0439007639DB /* NoSceneTemp */ = {
			isa = PBXGroup;
			children = (
				0FE3B48E284FA35600E14D38 /* PagerView */,
				0F779B73284D07E500076316 /* Login */,
				0FDCF029284D0439007639DB /* AppDelegate.h */,
				0FDCF02A284D0439007639DB /* AppDelegate.m */,
				0FDCF02F284D0439007639DB /* ViewController.h */,
				0FDCF030284D0439007639DB /* ViewController.m */,
				0FDCF032284D0439007639DB /* Main.storyboard */,
				0FDCF035284D043A007639DB /* Assets.xcassets */,
				0FDCF037284D043A007639DB /* LaunchScreen.storyboard */,
				0FDCF03A284D043A007639DB /* Info.plist */,
				0FDCF03B284D043A007639DB /* main.m */,
			);
			path = NoSceneTemp;
			sourceTree = "<group>";
		};
		0FE3B48E284FA35600E14D38 /* PagerView */ = {
			isa = PBXGroup;
			children = (
				0FE9B571285066100005C572 /* TTSliderNavView.m */,
				0FE9B570285066100005C572 /* TTSliderNavView.h */,
				0FE3B48F284FA36F00E14D38 /* TTPagerViewController.h */,
				0FE3B490284FA36F00E14D38 /* TTPagerViewController.m */,
			);
			path = PagerView;
			sourceTree = "<group>";
		};
		85BDC553F866933717285B63 /* Frameworks */ = {
			isa = PBXGroup;
			children = (
				B4356EE3231694B4606C52B4 /* Pods_NoSceneTemp.framework */,
			);
			name = Frameworks;
			sourceTree = "<group>";
		};
		C5A6750CFFF588AE6A1645FD /* Pods */ = {
			isa = PBXGroup;
			children = (
				966A10369F79DC25CF36ED93 /* Pods-NoSceneTemp.debug.xcconfig */,
				DAE8A3335F4CA6D3B87D7AC1 /* Pods-NoSceneTemp.release.xcconfig */,
			);
			path = Pods;
			sourceTree = "<group>";
		};
/* End PBXGroup section */

/* Begin PBXNativeTarget section */
		0FDCF025284D0439007639DB /* NoSceneTemp */ = {
			isa = PBXNativeTarget;
			buildConfigurationList = 0FDCF03F284D043A007639DB /* Build configuration list for PBXNativeTarget "NoSceneTemp" */;
			buildPhases = (
				760BE0D851A9298A229D42F6 /* [CP] Check Pods Manifest.lock */,
				0FDCF022284D0439007639DB /* Sources */,
				0FDCF023284D0439007639DB /* Frameworks */,
				0FDCF024284D0439007639DB /* Resources */,
				38085E533E69A5E7343D6B5D /* [CP] Embed Pods Frameworks */,
			);
			buildRules = (
			);
			dependencies = (
			);
			name = NoSceneTemp;
			productName = NoSceneTemp;
			productReference = 0FDCF026284D0439007639DB /* NoSceneTemp.app */;
			productType = "com.apple.product-type.application";
		};
/* End PBXNativeTarget section */

/* Begin PBXProject section */
		0FDCF01E284D0439007639DB /* Project object */ = {
			isa = PBXProject;
			attributes = {
				BuildIndependentTargetsInParallel = 1;
				LastUpgradeCheck = 1330;
				TargetAttributes = {
					0FDCF025284D0439007639DB = {
						CreatedOnToolsVersion = 13.3;
					};
				};
			};
			buildConfigurationList = 0FDCF021284D0439007639DB /* Build configuration list for PBXProject "NoSceneTemp" */;
			compatibilityVersion = "Xcode 13.0";
			developmentRegion = en;
			hasScannedForEncodings = 0;
			knownRegions = (
				en,
				Base,
			);
			mainGroup = 0FDCF01D284D0439007639DB;
			productRefGroup = 0FDCF027284D0439007639DB /* Products */;
			projectDirPath = "";
			projectRoot = "";
			targets = (
				0FDCF025284D0439007639DB /* NoSceneTemp */,
			);
		};
/* End PBXProject section */

/* Begin PBXResourcesBuildPhase section */
		0FDCF024284D0439007639DB /* Resources */ = {
			isa = PBXResourcesBuildPhase;
			buildActionMask = 2147483647;
			files = (
				0FDCF039284D043A007639DB /* LaunchScreen.storyboard in Resources */,
				0FDCF036284D043A007639DB /* Assets.xcassets in Resources */,
				0FDCF034284D0439007639DB /* Main.storyboard in Resources */,
			);
			runOnlyForDeploymentPostprocessing = 0;
		};
/* End PBXResourcesBuildPhase section */

/* Begin PBXShellScriptBuildPhase section */
		38085E533E69A5E7343D6B5D /* [CP] Embed Pods Frameworks */ = {
			isa = PBXShellScriptBuildPhase;
			buildActionMask = 2147483647;
			files = (
			);
			inputFileListPaths = (
				"${PODS_ROOT}/Target Support Files/Pods-NoSceneTemp/Pods-NoSceneTemp-frameworks-${CONFIGURATION}-input-files.xcfilelist",
			);
			name = "[CP] Embed Pods Frameworks";
			outputFileListPaths = (
				"${PODS_ROOT}/Target Support Files/Pods-NoSceneTemp/Pods-NoSceneTemp-frameworks-${CONFIGURATION}-output-files.xcfilelist",
			);
			runOnlyForDeploymentPostprocessing = 0;
			shellPath = /bin/sh;
			shellScript = "\"${PODS_ROOT}/Target Support Files/Pods-NoSceneTemp/Pods-NoSceneTemp-frameworks.sh\"\n";
			showEnvVarsInLog = 0;
		};
		760BE0D851A9298A229D42F6 /* [CP] Check Pods Manifest.lock */ = {
			isa = PBXShellScriptBuildPhase;
			buildActionMask = 2147483647;
			files = (
			);
			inputFileListPaths = (
			);
			inputPaths = (
				"${PODS_PODFILE_DIR_PATH}/Podfile.lock",
				"${PODS_ROOT}/Manifest.lock",
			);
			name = "[CP] Check Pods Manifest.lock";
			outputFileListPaths = (
			);
			outputPaths = (
				"$(DERIVED_FILE_DIR)/Pods-NoSceneTemp-checkManifestLockResult.txt",
			);
			runOnlyForDeploymentPostprocessing = 0;
			shellPath = /bin/sh;
			shellScript = "diff \"${PODS_PODFILE_DIR_PATH}/Podfile.lock\" \"${PODS_ROOT}/Manifest.lock\" > /dev/null\nif [ $? != 0 ] ; then\n    # print error to STDERR\n    echo \"error: The sandbox is not in sync with the Podfile.lock. Run 'pod install' or update your CocoaPods installation.\" >&2\n    exit 1\nfi\n# This output is used by Xcode 'outputs' to avoid re-running this script phase.\necho \"SUCCESS\" > \"${SCRIPT_OUTPUT_FILE_0}\"\n";
			showEnvVarsInLog = 0;
		};
/* End PBXShellScriptBuildPhase section */

/* Begin PBXSourcesBuildPhase section */
		0FDCF022284D0439007639DB /* Sources */ = {
			isa = PBXSourcesBuildPhase;
			buildActionMask = 2147483647;
			files = (
				0F3F7A4F284E4B1800193679 /* TTRegisterView.m in Sources */,
				0F3F7A55284E4D3100193679 /* TTLoginController.m in Sources */,
				0FE9B572285066100005C572 /* TTSliderNavView.m in Sources */,
				0FE3B491284FA36F00E14D38 /* TTPagerViewController.m in Sources */,
				0F93887B284D8850005E49AA /* TTInputField.m in Sources */,
				0FDCF031284D0439007639DB /* ViewController.m in Sources */,
				0F93887E284D95E7005E49AA /* UIView+Border.m in Sources */,
				0F3F7A52284E4D2300193679 /* TTLoginView.m in Sources */,
				0FDCF02B284D0439007639DB /* AppDelegate.m in Sources */,
				0F4BB521284D27FB006FCC37 /* TTRegisterController.m in Sources */,
				0FDCF03C284D043A007639DB /* main.m in Sources */,
			);
			runOnlyForDeploymentPostprocessing = 0;
		};
/* End PBXSourcesBuildPhase section */

/* Begin PBXVariantGroup section */
		0FDCF032284D0439007639DB /* Main.storyboard */ = {
			isa = PBXVariantGroup;
			children = (
				0FDCF033284D0439007639DB /* Base */,
			);
			name = Main.storyboard;
			sourceTree = "<group>";
		};
		0FDCF037284D043A007639DB /* LaunchScreen.storyboard */ = {
			isa = PBXVariantGroup;
			children = (
				0FDCF038284D043A007639DB /* Base */,
			);
			name = LaunchScreen.storyboard;
			sourceTree = "<group>";
		};
/* End PBXVariantGroup section */

/* Begin XCBuildConfiguration section */
		0FDCF03D284D043A007639DB /* Debug */ = {
			isa = XCBuildConfiguration;
			buildSettings = {
				ALWAYS_SEARCH_USER_PATHS = NO;
				CLANG_ANALYZER_NONNULL = YES;
				CLANG_ANALYZER_NUMBER_OBJECT_CONVERSION = YES_AGGRESSIVE;
				CLANG_CXX_LANGUAGE_STANDARD = "gnu++17";
				CLANG_ENABLE_MODULES = YES;
				CLANG_ENABLE_OBJC_ARC = YES;
				CLANG_ENABLE_OBJC_WEAK = YES;
				CLANG_WARN_BLOCK_CAPTURE_AUTORELEASING = YES;
				CLANG_WARN_BOOL_CONVERSION = YES;
				CLANG_WARN_COMMA = YES;
				CLANG_WARN_CONSTANT_CONVERSION = YES;
				CLANG_WARN_DEPRECATED_OBJC_IMPLEMENTATIONS = YES;
				CLANG_WARN_DIRECT_OBJC_ISA_USAGE = YES_ERROR;
				CLANG_WARN_DOCUMENTATION_COMMENTS = YES;
				CLANG_WARN_EMPTY_BODY = YES;
				CLANG_WARN_ENUM_CONVERSION = YES;
				CLANG_WARN_INFINITE_RECURSION = YES;
				CLANG_WARN_INT_CONVERSION = YES;
				CLANG_WARN_NON_LITERAL_NULL_CONVERSION = YES;
				CLANG_WARN_OBJC_IMPLICIT_RETAIN_SELF = YES;
				CLANG_WARN_OBJC_LITERAL_CONVERSION = YES;
				CLANG_WARN_OBJC_ROOT_CLASS = YES_ERROR;
				CLANG_WARN_QUOTED_INCLUDE_IN_FRAMEWORK_HEADER = YES;
				CLANG_WARN_RANGE_LOOP_ANALYSIS = YES;
				CLANG_WARN_STRICT_PROTOTYPES = YES;
				CLANG_WARN_SUSPICIOUS_MOVE = YES;
				CLANG_WARN_UNGUARDED_AVAILABILITY = YES_AGGRESSIVE;
				CLANG_WARN_UNREACHABLE_CODE = YES;
				CLANG_WARN__DUPLICATE_METHOD_MATCH = YES;
				COPY_PHASE_STRIP = NO;
				DEBUG_INFORMATION_FORMAT = dwarf;
				ENABLE_STRICT_OBJC_MSGSEND = YES;
				ENABLE_TESTABILITY = YES;
				GCC_C_LANGUAGE_STANDARD = gnu11;
				GCC_DYNAMIC_NO_PIC = NO;
				GCC_NO_COMMON_BLOCKS = YES;
				GCC_OPTIMIZATION_LEVEL = 0;
				GCC_PREPROCESSOR_DEFINITIONS = (
					"DEBUG=1",
					"$(inherited)",
				);
				GCC_WARN_64_TO_32_BIT_CONVERSION = YES;
				GCC_WARN_ABOUT_RETURN_TYPE = YES_ERROR;
				GCC_WARN_UNDECLARED_SELECTOR = YES;
				GCC_WARN_UNINITIALIZED_AUTOS = YES_AGGRESSIVE;
				GCC_WARN_UNUSED_FUNCTION = YES;
				GCC_WARN_UNUSED_VARIABLE = YES;
				IPHONEOS_DEPLOYMENT_TARGET = 13.0;
				MTL_ENABLE_DEBUG_INFO = INCLUDE_SOURCE;
				MTL_FAST_MATH = YES;
				ONLY_ACTIVE_ARCH = YES;
				SDKROOT = iphoneos;
			};
			name = Debug;
		};
		0FDCF03E284D043A007639DB /* Release */ = {
			isa = XCBuildConfiguration;
			buildSettings = {
				ALWAYS_SEARCH_USER_PATHS = NO;
				CLANG_ANALYZER_NONNULL = YES;
				CLANG_ANALYZER_NUMBER_OBJECT_CONVERSION = YES_AGGRESSIVE;
				CLANG_CXX_LANGUAGE_STANDARD = "gnu++17";
				CLANG_ENABLE_MODULES = YES;
				CLANG_ENABLE_OBJC_ARC = YES;
				CLANG_ENABLE_OBJC_WEAK = YES;
				CLANG_WARN_BLOCK_CAPTURE_AUTORELEASING = YES;
				CLANG_WARN_BOOL_CONVERSION = YES;
				CLANG_WARN_COMMA = YES;
				CLANG_WARN_CONSTANT_CONVERSION = YES;
				CLANG_WARN_DEPRECATED_OBJC_IMPLEMENTATIONS = YES;
				CLANG_WARN_DIRECT_OBJC_ISA_USAGE = YES_ERROR;
				CLANG_WARN_DOCUMENTATION_COMMENTS = YES;
				CLANG_WARN_EMPTY_BODY = YES;
				CLANG_WARN_ENUM_CONVERSION = YES;
				CLANG_WARN_INFINITE_RECURSION = YES;
				CLANG_WARN_INT_CONVERSION = YES;
				CLANG_WARN_NON_LITERAL_NULL_CONVERSION = YES;
				CLANG_WARN_OBJC_IMPLICIT_RETAIN_SELF = YES;
				CLANG_WARN_OBJC_LITERAL_CONVERSION = YES;
				CLANG_WARN_OBJC_ROOT_CLASS = YES_ERROR;
				CLANG_WARN_QUOTED_INCLUDE_IN_FRAMEWORK_HEADER = YES;
				CLANG_WARN_RANGE_LOOP_ANALYSIS = YES;
				CLANG_WARN_STRICT_PROTOTYPES = YES;
				CLANG_WARN_SUSPICIOUS_MOVE = YES;
				CLANG_WARN_UNGUARDED_AVAILABILITY = YES_AGGRESSIVE;
				CLANG_WARN_UNREACHABLE_CODE = YES;
				CLANG_WARN__DUPLICATE_METHOD_MATCH = YES;
				COPY_PHASE_STRIP = NO;
				DEBUG_INFORMATION_FORMAT = "dwarf-with-dsym";
				ENABLE_NS_ASSERTIONS = NO;
				ENABLE_STRICT_OBJC_MSGSEND = YES;
				GCC_C_LANGUAGE_STANDARD = gnu11;
				GCC_NO_COMMON_BLOCKS = YES;
				GCC_WARN_64_TO_32_BIT_CONVERSION = YES;
				GCC_WARN_ABOUT_RETURN_TYPE = YES_ERROR;
				GCC_WARN_UNDECLARED_SELECTOR = YES;
				GCC_WARN_UNINITIALIZED_AUTOS = YES_AGGRESSIVE;
				GCC_WARN_UNUSED_FUNCTION = YES;
				GCC_WARN_UNUSED_VARIABLE = YES;
				IPHONEOS_DEPLOYMENT_TARGET = 13.0;
				MTL_ENABLE_DEBUG_INFO = NO;
				MTL_FAST_MATH = YES;
				SDKROOT = iphoneos;
				VALIDATE_PRODUCT = YES;
			};
			name = Release;
		};
		0FDCF040284D043A007639DB /* Debug */ = {
			isa = XCBuildConfiguration;
			baseConfigurationReference = 966A10369F79DC25CF36ED93 /* Pods-NoSceneTemp.debug.xcconfig */;
			buildSettings = {
				ASSETCATALOG_COMPILER_APPICON_NAME = AppIcon;
				ASSETCATALOG_COMPILER_GLOBAL_ACCENT_COLOR_NAME = AccentColor;
				CODE_SIGN_STYLE = Automatic;
				CURRENT_PROJECT_VERSION = 1;
				DEVELOPMENT_TEAM = 49XJ9L9WAK;
				GENERATE_INFOPLIST_FILE = YES;
				INFOPLIST_FILE = NoSceneTemp/Info.plist;
				INFOPLIST_KEY_UIApplicationSupportsIndirectInputEvents = YES;
				INFOPLIST_KEY_UILaunchStoryboardName = LaunchScreen;
				INFOPLIST_KEY_UIMainStoryboardFile = Main;
				INFOPLIST_KEY_UISupportedInterfaceOrientations_iPad = "UIInterfaceOrientationPortrait UIInterfaceOrientationPortraitUpsideDown UIInterfaceOrientationLandscapeLeft UIInterfaceOrientationLandscapeRight";
				INFOPLIST_KEY_UISupportedInterfaceOrientations_iPhone = "UIInterfaceOrientationPortrait UIInterfaceOrientationLandscapeLeft UIInterfaceOrientationLandscapeRight";
				IPHONEOS_DEPLOYMENT_TARGET = 13.0;
				LD_RUNPATH_SEARCH_PATHS = (
					"$(inherited)",
					"@executable_path/Frameworks",
				);
				MARKETING_VERSION = 1.0;
				PRODUCT_BUNDLE_IDENTIFIER = com.caffeineshawn.NoSceneTemp;
				PRODUCT_NAME = "$(TARGET_NAME)";
				SWIFT_EMIT_LOC_STRINGS = YES;
				TARGETED_DEVICE_FAMILY = "1,2";
			};
			name = Debug;
		};
		0FDCF041284D043A007639DB /* Release */ = {
			isa = XCBuildConfiguration;
			baseConfigurationReference = DAE8A3335F4CA6D3B87D7AC1 /* Pods-NoSceneTemp.release.xcconfig */;
			buildSettings = {
				ASSETCATALOG_COMPILER_APPICON_NAME = AppIcon;
				ASSETCATALOG_COMPILER_GLOBAL_ACCENT_COLOR_NAME = AccentColor;
				CODE_SIGN_STYLE = Automatic;
				CURRENT_PROJECT_VERSION = 1;
				DEVELOPMENT_TEAM = 49XJ9L9WAK;
				GENERATE_INFOPLIST_FILE = YES;
				INFOPLIST_FILE = NoSceneTemp/Info.plist;
				INFOPLIST_KEY_UIApplicationSupportsIndirectInputEvents = YES;
				INFOPLIST_KEY_UILaunchStoryboardName = LaunchScreen;
				INFOPLIST_KEY_UIMainStoryboardFile = Main;
				INFOPLIST_KEY_UISupportedInterfaceOrientations_iPad = "UIInterfaceOrientationPortrait UIInterfaceOrientationPortraitUpsideDown UIInterfaceOrientationLandscapeLeft UIInterfaceOrientationLandscapeRight";
				INFOPLIST_KEY_UISupportedInterfaceOrientations_iPhone = "UIInterfaceOrientationPortrait UIInterfaceOrientationLandscapeLeft UIInterfaceOrientationLandscapeRight";
				IPHONEOS_DEPLOYMENT_TARGET = 13.0;
				LD_RUNPATH_SEARCH_PATHS = (
					"$(inherited)",
					"@executable_path/Frameworks",
				);
				MARKETING_VERSION = 1.0;
				PRODUCT_BUNDLE_IDENTIFIER = com.caffeineshawn.NoSceneTemp;
				PRODUCT_NAME = "$(TARGET_NAME)";
				SWIFT_EMIT_LOC_STRINGS = YES;
				TARGETED_DEVICE_FAMILY = "1,2";
			};
			name = Release;
		};
/* End XCBuildConfiguration section */

/* Begin XCConfigurationList section */
		0FDCF021284D0439007639DB /* Build configuration list for PBXProject "NoSceneTemp" */ = {
			isa = XCConfigurationList;
			buildConfigurations = (
				0FDCF03D284D043A007639DB /* Debug */,
				0FDCF03E284D043A007639DB /* Release */,
			);
			defaultConfigurationIsVisible = 0;
			defaultConfigurationName = Release;
		};
		0FDCF03F284D043A007639DB /* Build configuration list for PBXNativeTarget "NoSceneTemp" */ = {
			isa = XCConfigurationList;
			buildConfigurations = (
				0FDCF040284D043A007639DB /* Debug */,
				0FDCF041284D043A007639DB /* Release */,
			);
			defaultConfigurationIsVisible = 0;
			defaultConfigurationName = Release;
		};
/* End XCConfigurationList section */
	};
	rootObject = 0FDCF01E284D0439007639DB /* Project object */;
}
